
Microsoft Visual Studio Solution File, Format Version 12.00
# Visual Studio Version 17
VisualStudioVersion = 17.2.32616.157
MinimumVisualStudioVersion = 10.0.40219.1
Project("{FAE04EC0-301F-11D3-BF4B-00C04F79EFBC}") = "EMR", "EMR\EMR.csproj", "{10708A84-6200-4868-AD2C-1F4915FADD84}"
EndProject
Project("{FAE04EC0-301F-11D3-BF4B-00C04F79EFBC}") = "Emr.Utility", "Emr.Utility\Emr.Utility.csproj", "{1CDC3829-A634-4F14-AD9A-B4FC9B3736FF}"
EndProject
Global
	GlobalSection(SolutionConfigurationPlatforms) = preSolution
		Debug|Any CPU = Debug|Any CPU
		Release|Any CPU = Release|Any CPU
	EndGlobalSection
	GlobalSection(ProjectConfigurationPlatforms) = postSolution
		{10708A84-6200-4868-AD2C-1F4915FADD84}.Debug|Any CPU.ActiveCfg = Debug|Any CPU
		{10708A84-6200-4868-AD2C-1F4915FADD84}.Debug|Any CPU.Build.0 = Debug|Any CPU
		{10708A84-6200-4868-AD2C-1F4915FADD84}.Release|Any CPU.ActiveCfg = Release|Any CPU
		{10708A84-6200-4868-AD2C-1F4915FADD84}.Release|Any CPU.Build.0 = Release|Any CPU
		{1CDC3829-A634-4F14-AD9A-B4FC9B3736FF}.Debug|Any CPU.ActiveCfg = Debug|Any CPU
		{1CDC3829-A634-4F14-AD9A-B4FC9B3736FF}.Debug|Any CPU.Build.0 = Debug|Any CPU
		{1CDC3829-A634-4F14-AD9A-B4FC9B3736FF}.Release|Any CPU.ActiveCfg = Release|Any CPU
		{1CDC3829-A634-4F14-AD9A-B4FC9B3736FF}.Release|Any CPU.Build.0 = Release|Any CPU
	EndGlobalSection
	GlobalSection(SolutionProperties) = preSolution
		HideSolutionNode = FALSE
	EndGlobalSection
	GlobalSection(ExtensibilityGlobals) = postSolution
		SolutionGuid = {21D48641-30CE-42D8-8574-8B1891021ED0}
	EndGlobalSection
EndGlobal
